{"version":4,"terraform_version":"1.11.5","serial":4,"lineage":"2ec4d35e-51ef-0369-e6dd-fdac8c75ce3f","outputs":{},"resources":[{"module":"module.tf.module.herta.module.incus","mode":"managed","type":"incus_network","name":"default","provider":"module.tf.module.herta.module.incus.provider[\"registry.opentofu.org/lxc/incus\"]","instances":[{"schema_version":0,"attributes":{"config":{"ipv4.address":"10.120.3.1/24","ipv4.nat":"false"},"description":"","managed":true,"name":"default_network","project":null,"remote":null,"target":null,"type":"bridge"},"sensitive_attributes":[]}]},{"module":"module.tf.module.herta.module.incus","mode":"managed","type":"incus_profile","name":"default","provider":"module.tf.module.herta.module.incus.provider[\"registry.opentofu.org/lxc/incus\"]","instances":[{"schema_version":0,"attributes":{"config":{},"description":"","device":[{"name":"eth0","properties":{"network":"default_network"},"type":"nic"}],"name":"default_profile","project":"default","remote":null},"sensitive_attributes":[],"dependencies":["module.tf.module.herta.module.incus.incus_network.default"]}]},{"module":"module.tf.module.herta.module.incus","mode":"managed","type":"incus_storage_pool","name":"default","provider":"module.tf.module.herta.module.incus.provider[\"registry.opentofu.org/lxc/incus\"]","instances":[{"schema_version":0,"attributes":{"config":{"btrfs.mount_options":"compress=zstd"},"description":"","driver":"btrfs","name":"default","project":null,"remote":null,"target":null},"sensitive_attributes":[]}]}],"check_results":null}
